
Microsoft Visual Studio Solution File, Format Version 12.00
# Visual Studio Version 17
VisualStudioVersion = 17.14.36408.4
MinimumVisualStudioVersion = 10.0.40219.1
Project("{FAE04EC0-301F-11D3-BF4B-00C04F79EFBC}") = "GUI_TicketSalesSystem", "GUI_TicketSalesSystem\GUI_TicketSalesSystem.csproj", "{FB24AD86-1F69-4107-A27E-6D643BB4C310}"
EndProject
Project("{FAE04EC0-301F-11D3-BF4B-00C04F79EFBC}") = "BUS_TicketSalesSystem", "BUS_TicketSalesSystem\BUS_TicketSalesSystem.csproj", "{20F8C4EB-8E75-4F8E-A6FC-E540ED819F15}"
EndProject
Project("{FAE04EC0-301F-11D3-BF4B-00C04F79EFBC}") = "DAL_TicketSalesSystem", "DAL_TicketSalesSystem\DAL_TicketSalesSystem.csproj", "{3DADB5A1-9D10-47D2-AD8E-F63A39BCFB53}"
EndProject
Project("{FAE04EC0-301F-11D3-BF4B-00C04F79EFBC}") = "DTO_TicketSalesSystem", "DTO_TicketSalesSystem\DTO_TicketSalesSystem.csproj", "{D0F609B1-CA5A-4A37-BE40-E86F9ED89316}"
EndProject
Global
	GlobalSection(SolutionConfigurationPlatforms) = preSolution
		Debug|Any CPU = Debug|Any CPU
		Release|Any CPU = Release|Any CPU
	EndGlobalSection
	GlobalSection(ProjectConfigurationPlatforms) = postSolution
		{FB24AD86-1F69-4107-A27E-6D643BB4C310}.Debug|Any CPU.ActiveCfg = Debug|Any CPU
		{FB24AD86-1F69-4107-A27E-6D643BB4C310}.Debug|Any CPU.Build.0 = Debug|Any CPU
		{FB24AD86-1F69-4107-A27E-6D643BB4C310}.Release|Any CPU.ActiveCfg = Release|Any CPU
		{FB24AD86-1F69-4107-A27E-6D643BB4C310}.Release|Any CPU.Build.0 = Release|Any CPU
		{20F8C4EB-8E75-4F8E-A6FC-E540ED819F15}.Debug|Any CPU.ActiveCfg = Debug|Any CPU
		{20F8C4EB-8E75-4F8E-A6FC-E540ED819F15}.Debug|Any CPU.Build.0 = Debug|Any CPU
		{20F8C4EB-8E75-4F8E-A6FC-E540ED819F15}.Release|Any CPU.ActiveCfg = Release|Any CPU
		{20F8C4EB-8E75-4F8E-A6FC-E540ED819F15}.Release|Any CPU.Build.0 = Release|Any CPU
		{3DADB5A1-9D10-47D2-AD8E-F63A39BCFB53}.Debug|Any CPU.ActiveCfg = Debug|Any CPU
		{3DADB5A1-9D10-47D2-AD8E-F63A39BCFB53}.Debug|Any CPU.Build.0 = Debug|Any CPU
		{3DADB5A1-9D10-47D2-AD8E-F63A39BCFB53}.Release|Any CPU.ActiveCfg = Release|Any CPU
		{3DADB5A1-9D10-47D2-AD8E-F63A39BCFB53}.Release|Any CPU.Build.0 = Release|Any CPU
		{D0F609B1-CA5A-4A37-BE40-E86F9ED89316}.Debug|Any CPU.ActiveCfg = Debug|Any CPU
		{D0F609B1-CA5A-4A37-BE40-E86F9ED89316}.Debug|Any CPU.Build.0 = Debug|Any CPU
		{D0F609B1-CA5A-4A37-BE40-E86F9ED89316}.Release|Any CPU.ActiveCfg = Release|Any CPU
		{D0F609B1-CA5A-4A37-BE40-E86F9ED89316}.Release|Any CPU.Build.0 = Release|Any CPU
	EndGlobalSection
	GlobalSection(SolutionProperties) = preSolution
		HideSolutionNode = FALSE
	EndGlobalSection
	GlobalSection(ExtensibilityGlobals) = postSolution
		SolutionGuid = {FAE9980E-0AE8-42E3-9AC9-FA38275438B7}
	EndGlobalSection
EndGlobal
